
Microsoft Visual Studio Solution File, Format Version 12.00
# Visual Studio Version 16
VisualStudioVersion = 16.0.30621.155
MinimumVisualStudioVersion = 10.0.40219.1
Project("{FAE04EC0-301F-11D3-BF4B-00C04F79EFBC}") = "BookInfo.API", "BookInfo.API\BookInfo.API.csproj", "{8D375325-A940-43C3-964B-F0A052AB8089}"
EndProject
Global
	GlobalSection(SolutionConfigurationPlatforms) = preSolution
		Debug|Any CPU = Debug|Any CPU
		Release|Any CPU = Release|Any CPU
	EndGlobalSection
	GlobalSection(ProjectConfigurationPlatforms) = postSolution
		{8D375325-A940-43C3-964B-F0A052AB8089}.Debug|Any CPU.ActiveCfg = Debug|Any CPU
		{8D375325-A940-43C3-964B-F0A052AB8089}.Debug|Any CPU.Build.0 = Debug|Any CPU
		{8D375325-A940-43C3-964B-F0A052AB8089}.Release|Any CPU.ActiveCfg = Release|Any CPU
		{8D375325-A940-43C3-964B-F0A052AB8089}.Release|Any CPU.Build.0 = Release|Any CPU
	EndGlobalSection
	GlobalSection(SolutionProperties) = preSolution
		HideSolutionNode = FALSE
	EndGlobalSection
	GlobalSection(ExtensibilityGlobals) = postSolution
		SolutionGuid = {481CE3B3-0571-4844-A38E-E99ECCCB1A42}
	EndGlobalSection
EndGlobal
